PODS:
  - AFNetworking (2.6.3):
    - AFNetworking/NSURLConnection (= 2.6.3)
    - AFNetworking/NSURLSession (= 2.6.3)
    - AFNetworking/Reachability (= 2.6.3)
    - AFNetworking/Security (= 2.6.3)
    - AFNetworking/Serialization (= 2.6.3)
    - AFNetworking/UIKit (= 2.6.3)
  - AFNetworking/NSURLConnection (2.6.3):
    - AFNetworking/Reachability
    - AFNetworking/Security
    - AFNetworking/Serialization
  - AFNetworking/NSURLSession (2.6.3):
    - AFNetworking/Reachability
    - AFNetworking/Security
    - AFNetworking/Serialization
  - AFNetworking/Reachability (2.6.3)
  - AFNetworking/Security (2.6.3)
  - AFNetworking/Serialization (2.6.3)
  - EasyPost (0.0.1):
    - AFNetworking

DEPENDENCIES:
  - AFNetworking (= 2.6.3)
  - EasyPost (from `https://github.com/sdrpa/easypost-objective-c`)

EXTERNAL SOURCES:
  EasyPost:
    :git: https://github.com/sdrpa/easypost-objective-c

CHECKOUT OPTIONS:
  EasyPost:
    :commit: 974e50e3678dfeab0369f4088b1a8cfcf0b80f0b
    :git: https://github.com/sdrpa/easypost-objective-c

SPEC CHECKSUMS:
  AFNetworking: cb8d14a848e831097108418f5d49217339d4eb60
  EasyPost: 79d865b24db143ca6298150a0b3e0a6b96eea28c

COCOAPODS: 0.39.0
